
Microsoft Visual Studio Solution File, Format Version 12.00
# Visual Studio Version 17
VisualStudioVersion = 17.3.32901.215
MinimumVisualStudioVersion = 10.0.40219.1
Project("{FAE04EC0-301F-11D3-BF4B-00C04F79EFBC}") = "uygsinav3-96", "uygsinav3-96\uygsinav3-96.csproj", "{64B72219-2108-4E52-8208-7487EC56D9EB}"
EndProject
Global
	GlobalSection(SolutionConfigurationPlatforms) = preSolution
		Debug|Any CPU = Debug|Any CPU
		Release|Any CPU = Release|Any CPU
	EndGlobalSection
	GlobalSection(ProjectConfigurationPlatforms) = postSolution
		{64B72219-2108-4E52-8208-7487EC56D9EB}.Debug|Any CPU.ActiveCfg = Debug|Any CPU
		{64B72219-2108-4E52-8208-7487EC56D9EB}.Debug|Any CPU.Build.0 = Debug|Any CPU
		{64B72219-2108-4E52-8208-7487EC56D9EB}.Release|Any CPU.ActiveCfg = Release|Any CPU
		{64B72219-2108-4E52-8208-7487EC56D9EB}.Release|Any CPU.Build.0 = Release|Any CPU
	EndGlobalSection
	GlobalSection(SolutionProperties) = preSolution
		HideSolutionNode = FALSE
	EndGlobalSection
	GlobalSection(ExtensibilityGlobals) = postSolution
		SolutionGuid = {1736D6B2-757F-401F-912B-BF7750C40433}
	EndGlobalSection
EndGlobal
